
Microsoft Visual Studio Solution File, Format Version 12.00
# Visual Studio 15
VisualStudioVersion = 15.0.28307.421
MinimumVisualStudioVersion = 10.0.40219.1
Project("{FAE04EC0-301F-11D3-BF4B-00C04F79EFBC}") = "Platou1", "Lab5\Platou1.csproj", "{650FF053-58CD-404C-8C9E-336E633265E0}"
EndProject
Project("{FAE04EC0-301F-11D3-BF4B-00C04F79EFBC}") = "Platou2", "Platou2\Platou2.csproj", "{C122CFBC-D3E4-4201-970C-69E88266235A}"
EndProject
Project("{FAE04EC0-301F-11D3-BF4B-00C04F79EFBC}") = "platou3", "platou3\platou3.csproj", "{471451DB-2371-4C95-A513-9DB7C0E92034}"
EndProject
Project("{FAE04EC0-301F-11D3-BF4B-00C04F79EFBC}") = "Platou5", "Platou5\Platou5.csproj", "{407FEE9E-01EC-4484-AF5D-A7E531EB02B1}"
EndProject
Global
	GlobalSection(SolutionConfigurationPlatforms) = preSolution
		Debug|Any CPU = Debug|Any CPU
		Release|Any CPU = Release|Any CPU
	EndGlobalSection
	GlobalSection(ProjectConfigurationPlatforms) = postSolution
		{650FF053-58CD-404C-8C9E-336E633265E0}.Debug|Any CPU.ActiveCfg = Debug|Any CPU
		{650FF053-58CD-404C-8C9E-336E633265E0}.Debug|Any CPU.Build.0 = Debug|Any CPU
		{650FF053-58CD-404C-8C9E-336E633265E0}.Release|Any CPU.ActiveCfg = Release|Any CPU
		{650FF053-58CD-404C-8C9E-336E633265E0}.Release|Any CPU.Build.0 = Release|Any CPU
		{C122CFBC-D3E4-4201-970C-69E88266235A}.Debug|Any CPU.ActiveCfg = Debug|Any CPU
		{C122CFBC-D3E4-4201-970C-69E88266235A}.Debug|Any CPU.Build.0 = Debug|Any CPU
		{C122CFBC-D3E4-4201-970C-69E88266235A}.Release|Any CPU.ActiveCfg = Release|Any CPU
		{C122CFBC-D3E4-4201-970C-69E88266235A}.Release|Any CPU.Build.0 = Release|Any CPU
		{471451DB-2371-4C95-A513-9DB7C0E92034}.Debug|Any CPU.ActiveCfg = Debug|Any CPU
		{471451DB-2371-4C95-A513-9DB7C0E92034}.Debug|Any CPU.Build.0 = Debug|Any CPU
		{471451DB-2371-4C95-A513-9DB7C0E92034}.Release|Any CPU.ActiveCfg = Release|Any CPU
		{471451DB-2371-4C95-A513-9DB7C0E92034}.Release|Any CPU.Build.0 = Release|Any CPU
		{407FEE9E-01EC-4484-AF5D-A7E531EB02B1}.Debug|Any CPU.ActiveCfg = Debug|Any CPU
		{407FEE9E-01EC-4484-AF5D-A7E531EB02B1}.Debug|Any CPU.Build.0 = Debug|Any CPU
		{407FEE9E-01EC-4484-AF5D-A7E531EB02B1}.Release|Any CPU.ActiveCfg = Release|Any CPU
		{407FEE9E-01EC-4484-AF5D-A7E531EB02B1}.Release|Any CPU.Build.0 = Release|Any CPU
	EndGlobalSection
	GlobalSection(SolutionProperties) = preSolution
		HideSolutionNode = FALSE
	EndGlobalSection
	GlobalSection(ExtensibilityGlobals) = postSolution
		SolutionGuid = {9D5265C0-E9BE-456C-B784-AD42D0ED017B}
	EndGlobalSection
EndGlobal
